// !$*UTF8*$!
{
	archiveVersion = 1;
	classes = {
	};
	objectVersion = 50;
	objects = {

/* Begin PBXBuildFile section */
		D0ECC8DC269DB3B50087AE1B /* ASoulZhiWang_iOSApp.swift in Sources */ = {isa = PBXBuildFile; fileRef = D0ECC8DB269DB3B50087AE1B /* ASoulZhiWang_iOSApp.swift */; };
		D0ECC8DE269DB3B50087AE1B /* ContentView.swift in Sources */ = {isa = PBXBuildFile; fileRef = D0ECC8DD269DB3B50087AE1B /* ContentView.swift */; };
		D0ECC8E0269DB3B80087AE1B /* Assets.xcassets in Resources */ = {isa = PBXBuildFile; fileRef = D0ECC8DF269DB3B80087AE1B /* Assets.xcassets */; };
		D0ECC8E3269DB3B80087AE1B /* Preview Assets.xcassets in Resources */ = {isa = PBXBuildFile; fileRef = D0ECC8E2269DB3B80087AE1B /* Preview Assets.xcassets */; };
		D0ECC8E5269DB3B80087AE1B /* Persistence.swift in Sources */ = {isa = PBXBuildFile; fileRef = D0ECC8E4269DB3B80087AE1B /* Persistence.swift */; };
		D0ECC8E8269DB3B80087AE1B /* ASoulZhiWang_iOS.xcdatamodeld in Sources */ = {isa = PBXBuildFile; fileRef = D0ECC8E6269DB3B80087AE1B /* ASoulZhiWang_iOS.xcdatamodeld */; };
/* End PBXBuildFile section */

/* Begin PBXFileReference section */
		D0ECC8D8269DB3B50087AE1B /* ASoulZhiWang_iOS.app */ = {isa = PBXFileReference; explicitFileType = wrapper.application; includeInIndex = 0; path = ASoulZhiWang_iOS.app; sourceTree = BUILT_PRODUCTS_DIR; };
		D0ECC8DB269DB3B50087AE1B /* ASoulZhiWang_iOSApp.swift */ = {isa = PBXFileReference; lastKnownFileType = sourcecode.swift; path = ASoulZhiWang_iOSApp.swift; sourceTree = "<group>"; };
		D0ECC8DD269DB3B50087AE1B /* ContentView.swift */ = {isa = PBXFileReference; lastKnownFileType = sourcecode.swift; path = ContentView.swift; sourceTree = "<group>"; };
		D0ECC8DF269DB3B80087AE1B /* Assets.xcassets */ = {isa = PBXFileReference; lastKnownFileType = folder.assetcatalog; path = Assets.xcassets; sourceTree = "<group>"; };
		D0ECC8E2269DB3B80087AE1B /* Preview Assets.xcassets */ = {isa = PBXFileReference; lastKnownFileType = folder.assetcatalog; path = "Preview Assets.xcassets"; sourceTree = "<group>"; };
		D0ECC8E4269DB3B80087AE1B /* Persistence.swift */ = {isa = PBXFileReference; lastKnownFileType = sourcecode.swift; path = Persistence.swift; sourceTree = "<group>"; };
		D0ECC8E7269DB3B80087AE1B /* ASoulZhiWang_iOS.xcdatamodel */ = {isa = PBXFileReference; lastKnownFileType = wrapper.xcdatamodel; path = ASoulZhiWang_iOS.xcdatamodel; sourceTree = "<group>"; };
		D0ECC8E9269DB3B80087AE1B /* Info.plist */ = {isa = PBXFileReference; lastKnownFileType = text.plist.xml; path = Info.plist; sourceTree = "<group>"; };
/* End PBXFileReference section */

/* Begin PBXFrameworksBuildPhase section */
		D0ECC8D5269DB3B50087AE1B /* Frameworks */ = {
			isa = PBXFrameworksBuildPhase;
			buildActionMask = 2147483647;
			files = (
			);
			runOnlyForDeploymentPostprocessing = 0;
		};
/* End PBXFrameworksBuildPhase section */

/* Begin PBXGroup section */
		D0ECC8CF269DB3B50087AE1B = {
			isa = PBXGroup;
			children = (
				D0ECC8DA269DB3B50087AE1B /* ASoulZhiWang_iOS */,
				D0ECC8D9269DB3B50087AE1B /* Products */,
			);
			sourceTree = "<group>";
		};
		D0ECC8D9269DB3B50087AE1B /* Products */ = {
			isa = PBXGroup;
			children = (
				D0ECC8D8269DB3B50087AE1B /* ASoulZhiWang_iOS.app */,
			);
			name = Products;
			sourceTree = "<group>";
		};
		D0ECC8DA269DB3B50087AE1B /* ASoulZhiWang_iOS */ = {
			isa = PBXGroup;
			children = (
				D0ECC8DB269DB3B50087AE1B /* ASoulZhiWang_iOSApp.swift */,
				D0ECC8DD269DB3B50087AE1B /* ContentView.swift */,
				D0ECC8DF269DB3B80087AE1B /* Assets.xcassets */,
				D0ECC8E4269DB3B80087AE1B /* Persistence.swift */,
				D0ECC8E9269DB3B80087AE1B /* Info.plist */,
				D0ECC8E6269DB3B80087AE1B /* ASoulZhiWang_iOS.xcdatamodeld */,
				D0ECC8E1269DB3B80087AE1B /* Preview Content */,
			);
			path = ASoulZhiWang_iOS;
			sourceTree = "<group>";
		};
		D0ECC8E1269DB3B80087AE1B /* Preview Content */ = {
			isa = PBXGroup;
			children = (
				D0ECC8E2269DB3B80087AE1B /* Preview Assets.xcassets */,
			);
			path = "Preview Content";
			sourceTree = "<group>";
		};
/* End PBXGroup section */

/* Begin PBXNativeTarget section */
		D0ECC8D7269DB3B50087AE1B /* ASoulZhiWang_iOS */ = {
			isa = PBXNativeTarget;
			buildConfigurationList = D0ECC8EC269DB3B80087AE1B /* Build configuration list for PBXNativeTarget "ASoulZhiWang_iOS" */;
			buildPhases = (
				D0ECC8D4269DB3B50087AE1B /* Sources */,
				D0ECC8D5269DB3B50087AE1B /* Frameworks */,
				D0ECC8D6269DB3B50087AE1B /* Resources */,
			);
			buildRules = (
			);
			dependencies = (
			);
			name = ASoulZhiWang_iOS;
			productName = ASoulZhiWang_iOS;
			productReference = D0ECC8D8269DB3B50087AE1B /* ASoulZhiWang_iOS.app */;
			productType = "com.apple.product-type.application";
		};
/* End PBXNativeTarget section */

/* Begin PBXProject section */
		D0ECC8D0269DB3B50087AE1B /* Project object */ = {
			isa = PBXProject;
			attributes = {
				LastSwiftUpdateCheck = 1250;
				LastUpgradeCheck = 1250;
				TargetAttributes = {
					D0ECC8D7269DB3B50087AE1B = {
						CreatedOnToolsVersion = 12.5;
					};
				};
			};
			buildConfigurationList = D0ECC8D3269DB3B50087AE1B /* Build configuration list for PBXProject "ASoulZhiWang_iOS" */;
			compatibilityVersion = "Xcode 9.3";
			developmentRegion = en;
			hasScannedForEncodings = 0;
			knownRegions = (
				en,
				Base,
			);
			mainGroup = D0ECC8CF269DB3B50087AE1B;
			productRefGroup = D0ECC8D9269DB3B50087AE1B /* Products */;
			projectDirPath = "";
			projectRoot = "";
			targets = (
				D0ECC8D7269DB3B50087AE1B /* ASoulZhiWang_iOS */,
			);
		};
/* End PBXProject section */

/* Begin PBXResourcesBuildPhase section */
		D0ECC8D6269DB3B50087AE1B /* Resources */ = {
			isa = PBXResourcesBuildPhase;
			buildActionMask = 2147483647;
			files = (
				D0ECC8E3269DB3B80087AE1B /* Preview Assets.xcassets in Resources */,
				D0ECC8E0269DB3B80087AE1B /* Assets.xcassets in Resources */,
			);
			runOnlyForDeploymentPostprocessing = 0;
		};
/* End PBXResourcesBuildPhase section */

/* Begin PBXSourcesBuildPhase section */
		D0ECC8D4269DB3B50087AE1B /* Sources */ = {
			isa = PBXSourcesBuildPhase;
			buildActionMask = 2147483647;
			files = (
				D0ECC8E5269DB3B80087AE1B /* Persistence.swift in Sources */,
				D0ECC8DE269DB3B50087AE1B /* ContentView.swift in Sources */,
				D0ECC8DC269DB3B50087AE1B /* ASoulZhiWang_iOSApp.swift in Sources */,
				D0ECC8E8269DB3B80087AE1B /* ASoulZhiWang_iOS.xcdatamodeld in Sources */,
			);
			runOnlyForDeploymentPostprocessing = 0;
		};
/* End PBXSourcesBuildPhase section */

/* Begin XCBuildConfiguration section */
		D0ECC8EA269DB3B80087AE1B /* Debug */ = {
			isa = XCBuildConfiguration;
			buildSettings = {
				ALWAYS_SEARCH_USER_PATHS = NO;
				CLANG_ANALYZER_NONNULL = YES;
				CLANG_ANALYZER_NUMBER_OBJECT_CONVERSION = YES_AGGRESSIVE;
				CLANG_CXX_LANGUAGE_STANDARD = "gnu++14";
				CLANG_CXX_LIBRARY = "libc++";
				CLANG_ENABLE_MODULES = YES;
				CLANG_ENABLE_OBJC_ARC = YES;
				CLANG_ENABLE_OBJC_WEAK = YES;
				CLANG_WARN_BLOCK_CAPTURE_AUTORELEASING = YES;
				CLANG_WARN_BOOL_CONVERSION = YES;
				CLANG_WARN_COMMA = YES;
				CLANG_WARN_CONSTANT_CONVERSION = YES;
				CLANG_WARN_DEPRECATED_OBJC_IMPLEMENTATIONS = YES;
				CLANG_WARN_DIRECT_OBJC_ISA_USAGE = YES_ERROR;
				CLANG_WARN_DOCUMENTATION_COMMENTS = YES;
				CLANG_WARN_EMPTY_BODY = YES;
				CLANG_WARN_ENUM_CONVERSION = YES;
				CLANG_WARN_INFINITE_RECURSION = YES;
				CLANG_WARN_INT_CONVERSION = YES;
				CLANG_WARN_NON_LITERAL_NULL_CONVERSION = YES;
				CLANG_WARN_OBJC_IMPLICIT_RETAIN_SELF = YES;
				CLANG_WARN_OBJC_LITERAL_CONVERSION = YES;
				CLANG_WARN_OBJC_ROOT_CLASS = YES_ERROR;
				CLANG_WARN_QUOTED_INCLUDE_IN_FRAMEWORK_HEADER = YES;
				CLANG_WARN_RANGE_LOOP_ANALYSIS = YES;
				CLANG_WARN_STRICT_PROTOTYPES = YES;
				CLANG_WARN_SUSPICIOUS_MOVE = YES;
				CLANG_WARN_UNGUARDED_AVAILABILITY = YES_AGGRESSIVE;
				CLANG_WARN_UNREACHABLE_CODE = YES;
				CLANG_WARN__DUPLICATE_METHOD_MATCH = YES;
				COPY_PHASE_STRIP = NO;
				DEBUG_INFORMATION_FORMAT = dwarf;
				ENABLE_STRICT_OBJC_MSGSEND = YES;
				ENABLE_TESTABILITY = YES;
				GCC_C_LANGUAGE_STANDARD = gnu11;
				GCC_DYNAMIC_NO_PIC = NO;
				GCC_NO_COMMON_BLOCKS = YES;
				GCC_OPTIMIZATION_LEVEL = 0;
				GCC_PREPROCESSOR_DEFINITIONS = (
					"DEBUG=1",
					"$(inherited)",
				);
				GCC_WARN_64_TO_32_BIT_CONVERSION = YES;
				GCC_WARN_ABOUT_RETURN_TYPE = YES_ERROR;
				GCC_WARN_UNDECLARED_SELECTOR = YES;
				GCC_WARN_UNINITIALIZED_AUTOS = YES_AGGRESSIVE;
				GCC_WARN_UNUSED_FUNCTION = YES;
				GCC_WARN_UNUSED_VARIABLE = YES;
				IPHONEOS_DEPLOYMENT_TARGET = 14.5;
				MTL_ENABLE_DEBUG_INFO = INCLUDE_SOURCE;
				MTL_FAST_MATH = YES;
				ONLY_ACTIVE_ARCH = YES;
				SDKROOT = iphoneos;
				SWIFT_ACTIVE_COMPILATION_CONDITIONS = DEBUG;
				SWIFT_OPTIMIZATION_LEVEL = "-Onone";
			};
			name = Debug;
		};
		D0ECC8EB269DB3B80087AE1B /* Release */ = {
			isa = XCBuildConfiguration;
			buildSettings = {
				ALWAYS_SEARCH_USER_PATHS = NO;
				CLANG_ANALYZER_NONNULL = YES;
				CLANG_ANALYZER_NUMBER_OBJECT_CONVERSION = YES_AGGRESSIVE;
				CLANG_CXX_LANGUAGE_STANDARD = "gnu++14";
				CLANG_CXX_LIBRARY = "libc++";
				CLANG_ENABLE_MODULES = YES;
				CLANG_ENABLE_OBJC_ARC = YES;
				CLANG_ENABLE_OBJC_WEAK = YES;
				CLANG_WARN_BLOCK_CAPTURE_AUTORELEASING = YES;
				CLANG_WARN_BOOL_CONVERSION = YES;
				CLANG_WARN_COMMA = YES;
				CLANG_WARN_CONSTANT_CONVERSION = YES;
				CLANG_WARN_DEPRECATED_OBJC_IMPLEMENTATIONS = YES;
				CLANG_WARN_DIRECT_OBJC_ISA_USAGE = YES_ERROR;
				CLANG_WARN_DOCUMENTATION_COMMENTS = YES;
				CLANG_WARN_EMPTY_BODY = YES;
				CLANG_WARN_ENUM_CONVERSION = YES;
				CLANG_WARN_INFINITE_RECURSION = YES;
				CLANG_WARN_INT_CONVERSION = YES;
				CLANG_WARN_NON_LITERAL_NULL_CONVERSION = YES;
				CLANG_WARN_OBJC_IMPLICIT_RETAIN_SELF = YES;
				CLANG_WARN_OBJC_LITERAL_CONVERSION = YES;
				CLANG_WARN_OBJC_ROOT_CLASS = YES_ERROR;
				CLANG_WARN_QUOTED_INCLUDE_IN_FRAMEWORK_HEADER = YES;
				CLANG_WARN_RANGE_LOOP_ANALYSIS = YES;
				CLANG_WARN_STRICT_PROTOTYPES = YES;
				CLANG_WARN_SUSPICIOUS_MOVE = YES;
				CLANG_WARN_UNGUARDED_AVAILABILITY = YES_AGGRESSIVE;
				CLANG_WARN_UNREACHABLE_CODE = YES;
				CLANG_WARN__DUPLICATE_METHOD_MATCH = YES;
				COPY_PHASE_STRIP = NO;
				DEBUG_INFORMATION_FORMAT = "dwarf-with-dsym";
				ENABLE_NS_ASSERTIONS = NO;
				ENABLE_STRICT_OBJC_MSGSEND = YES;
				GCC_C_LANGUAGE_STANDARD = gnu11;
				GCC_NO_COMMON_BLOCKS = YES;
				GCC_WARN_64_TO_32_BIT_CONVERSION = YES;
				GCC_WARN_ABOUT_RETURN_TYPE = YES_ERROR;
				GCC_WARN_UNDECLARED_SELECTOR = YES;
				GCC_WARN_UNINITIALIZED_AUTOS = YES_AGGRESSIVE;
				GCC_WARN_UNUSED_FUNCTION = YES;
				GCC_WARN_UNUSED_VARIABLE = YES;
				IPHONEOS_DEPLOYMENT_TARGET = 14.5;
				MTL_ENABLE_DEBUG_INFO = NO;
				MTL_FAST_MATH = YES;
				SDKROOT = iphoneos;
				SWIFT_COMPILATION_MODE = wholemodule;
				SWIFT_OPTIMIZATION_LEVEL = "-O";
				VALIDATE_PRODUCT = YES;
			};
			name = Release;
		};
		D0ECC8ED269DB3B80087AE1B /* Debug */ = {
			isa = XCBuildConfiguration;
			buildSettings = {
				ASSETCATALOG_COMPILER_APPICON_NAME = AppIcon;
				ASSETCATALOG_COMPILER_GLOBAL_ACCENT_COLOR_NAME = AccentColor;
				CODE_SIGN_STYLE = Automatic;
				DEVELOPMENT_ASSET_PATHS = "\"ASoulZhiWang_iOS/Preview Content\"";
				DEVELOPMENT_TEAM = F8JMQ7GKF7;
				ENABLE_PREVIEWS = YES;
				INFOPLIST_FILE = ASoulZhiWang_iOS/Info.plist;
				IPHONEOS_DEPLOYMENT_TARGET = 14.0;
				LD_RUNPATH_SEARCH_PATHS = (
					"$(inherited)",
					"@executable_path/Frameworks",
				);
				PRODUCT_BUNDLE_IDENTIFIER = "yes.ASoulZhiWang-iOS";
				PRODUCT_NAME = "$(TARGET_NAME)";
				SWIFT_VERSION = 5.0;
				TARGETED_DEVICE_FAMILY = "1,2";
			};
			name = Debug;
		};
		D0ECC8EE269DB3B80087AE1B /* Release */ = {
			isa = XCBuildConfiguration;
			buildSettings = {
				ASSETCATALOG_COMPILER_APPICON_NAME = AppIcon;
				ASSETCATALOG_COMPILER_GLOBAL_ACCENT_COLOR_NAME = AccentColor;
				CODE_SIGN_STYLE = Automatic;
				DEVELOPMENT_ASSET_PATHS = "\"ASoulZhiWang_iOS/Preview Content\"";
				DEVELOPMENT_TEAM = F8JMQ7GKF7;
				ENABLE_PREVIEWS = YES;
				INFOPLIST_FILE = ASoulZhiWang_iOS/Info.plist;
				IPHONEOS_DEPLOYMENT_TARGET = 14.0;
				LD_RUNPATH_SEARCH_PATHS = (
					"$(inherited)",
					"@executable_path/Frameworks",
				);
				PRODUCT_BUNDLE_IDENTIFIER = "yes.ASoulZhiWang-iOS";
				PRODUCT_NAME = "$(TARGET_NAME)";
				SWIFT_VERSION = 5.0;
				TARGETED_DEVICE_FAMILY = "1,2";
			};
			name = Release;
		};
/* End XCBuildConfiguration section */

/* Begin XCConfigurationList section */
		D0ECC8D3269DB3B50087AE1B /* Build configuration list for PBXProject "ASoulZhiWang_iOS" */ = {
			isa = XCConfigurationList;
			buildConfigurations = (
				D0ECC8EA269DB3B80087AE1B /* Debug */,
				D0ECC8EB269DB3B80087AE1B /* Release */,
			);
			defaultConfigurationIsVisible = 0;
			defaultConfigurationName = Release;
		};
		D0ECC8EC269DB3B80087AE1B /* Build configuration list for PBXNativeTarget "ASoulZhiWang_iOS" */ = {
			isa = XCConfigurationList;
			buildConfigurations = (
				D0ECC8ED269DB3B80087AE1B /* Debug */,
				D0ECC8EE269DB3B80087AE1B /* Release */,
			);
			defaultConfigurationIsVisible = 0;
			defaultConfigurationName = Release;
		};
/* End XCConfigurationList section */

/* Begin XCVersionGroup section */
		D0ECC8E6269DB3B80087AE1B /* ASoulZhiWang_iOS.xcdatamodeld */ = {
			isa = XCVersionGroup;
			children = (
				D0ECC8E7269DB3B80087AE1B /* ASoulZhiWang_iOS.xcdatamodel */,
			);
			currentVersion = D0ECC8E7269DB3B80087AE1B /* ASoulZhiWang_iOS.xcdatamodel */;
			path = ASoulZhiWang_iOS.xcdatamodeld;
			sourceTree = "<group>";
			versionGroupType = wrapper.xcdatamodel;
		};
/* End XCVersionGroup section */
	};
	rootObject = D0ECC8D0269DB3B50087AE1B /* Project object */;
}
